
Microsoft Visual Studio Solution File, Format Version 12.00
# Visual Studio Version 17
VisualStudioVersion = 17.13.35931.197
MinimumVisualStudioVersion = 10.0.40219.1
Project("{FAE04EC0-301F-11D3-BF4B-00C04F79EFBC}") = "StudentPortal.Api", "StudentPortalApi\StudentPortal.Api.csproj", "{8A5ACA7A-6816-4904-87F4-C8CBC4B3240E}"
EndProject
Global
	GlobalSection(SolutionConfigurationPlatforms) = preSolution
		Debug|Any CPU = Debug|Any CPU
		Release|Any CPU = Release|Any CPU
	EndGlobalSection
	GlobalSection(ProjectConfigurationPlatforms) = postSolution
		{8A5ACA7A-6816-4904-87F4-C8CBC4B3240E}.Debug|Any CPU.ActiveCfg = Debug|Any CPU
		{8A5ACA7A-6816-4904-87F4-C8CBC4B3240E}.Debug|Any CPU.Build.0 = Debug|Any CPU
		{8A5ACA7A-6816-4904-87F4-C8CBC4B3240E}.Release|Any CPU.ActiveCfg = Release|Any CPU
		{8A5ACA7A-6816-4904-87F4-C8CBC4B3240E}.Release|Any CPU.Build.0 = Release|Any CPU
	EndGlobalSection
	GlobalSection(SolutionProperties) = preSolution
		HideSolutionNode = FALSE
	EndGlobalSection
	GlobalSection(ExtensibilityGlobals) = postSolution
		SolutionGuid = {E29E103F-3018-473D-8AC0-320714D1BF47}
	EndGlobalSection
EndGlobal
